// !$*UTF8*$!
{
	archiveVersion = 1;
	classes = {
	};
	objectVersion = 50;
	objects = {

/* Begin PBXBuildFile section */
		D022115F20C025BB0054BD35 /* Starjedi.ttf in Resources */ = {isa = PBXBuildFile; fileRef = D022115E20C025BB0054BD35 /* Starjedi.ttf */; };
		D0B56AAD20BFE6DE00B33BEB /* AppDelegate.swift in Sources */ = {isa = PBXBuildFile; fileRef = D0B56AAC20BFE6DE00B33BEB /* AppDelegate.swift */; };
		D0B56AAF20BFE6DE00B33BEB /* ViewController.swift in Sources */ = {isa = PBXBuildFile; fileRef = D0B56AAE20BFE6DE00B33BEB /* ViewController.swift */; };
		D0B56AB220BFE6DE00B33BEB /* Main.storyboard in Resources */ = {isa = PBXBuildFile; fileRef = D0B56AB020BFE6DE00B33BEB /* Main.storyboard */; };
		D0B56AB420BFE6E000B33BEB /* Assets.xcassets in Resources */ = {isa = PBXBuildFile; fileRef = D0B56AB320BFE6E000B33BEB /* Assets.xcassets */; };
		D0B56AB720BFE6E000B33BEB /* LaunchScreen.storyboard in Resources */ = {isa = PBXBuildFile; fileRef = D0B56AB520BFE6E000B33BEB /* LaunchScreen.storyboard */; };
		D0B56AE620BFED4F00B33BEB /* light-saber-on.wav in Resources */ = {isa = PBXBuildFile; fileRef = D0B56AE220BFED4F00B33BEB /* light-saber-on.wav */; };
		D0B56AE720BFED4F00B33BEB /* blaster-firing.wav in Resources */ = {isa = PBXBuildFile; fileRef = D0B56AE320BFED4F00B33BEB /* blaster-firing.wav */; };
		D0B56AE820BFED4F00B33BEB /* chewy_roar.wav in Resources */ = {isa = PBXBuildFile; fileRef = D0B56AE420BFED4F00B33BEB /* chewy_roar.wav */; };
		D0B56AE920BFED4F00B33BEB /* forcestrong.wav in Resources */ = {isa = PBXBuildFile; fileRef = D0B56AE520BFED4F00B33BEB /* forcestrong.wav */; };
		D0B56AED20BFF95C00B33BEB /* AVFoundation.framework in Frameworks */ = {isa = PBXBuildFile; fileRef = D0B56AEB20BFF4CC00B33BEB /* AVFoundation.framework */; };
/* End PBXBuildFile section */

/* Begin PBXFileReference section */
		D022115E20C025BB0054BD35 /* Starjedi.ttf */ = {isa = PBXFileReference; lastKnownFileType = file; path = Starjedi.ttf; sourceTree = "<group>"; };
		D0B56AA920BFE6DE00B33BEB /* soundboard.app */ = {isa = PBXFileReference; explicitFileType = wrapper.application; includeInIndex = 0; path = soundboard.app; sourceTree = BUILT_PRODUCTS_DIR; };
		D0B56AAC20BFE6DE00B33BEB /* AppDelegate.swift */ = {isa = PBXFileReference; lastKnownFileType = sourcecode.swift; path = AppDelegate.swift; sourceTree = "<group>"; };
		D0B56AAE20BFE6DE00B33BEB /* ViewController.swift */ = {isa = PBXFileReference; lastKnownFileType = sourcecode.swift; path = ViewController.swift; sourceTree = "<group>"; };
		D0B56AB120BFE6DE00B33BEB /* Base */ = {isa = PBXFileReference; lastKnownFileType = file.storyboard; name = Base; path = Base.lproj/Main.storyboard; sourceTree = "<group>"; };
		D0B56AB320BFE6E000B33BEB /* Assets.xcassets */ = {isa = PBXFileReference; lastKnownFileType = folder.assetcatalog; path = Assets.xcassets; sourceTree = "<group>"; };
		D0B56AB620BFE6E000B33BEB /* Base */ = {isa = PBXFileReference; lastKnownFileType = file.storyboard; name = Base; path = Base.lproj/LaunchScreen.storyboard; sourceTree = "<group>"; };
		D0B56AB820BFE6E000B33BEB /* Info.plist */ = {isa = PBXFileReference; lastKnownFileType = text.plist.xml; path = Info.plist; sourceTree = "<group>"; };
		D0B56AE220BFED4F00B33BEB /* light-saber-on.wav */ = {isa = PBXFileReference; lastKnownFileType = audio.wav; path = "light-saber-on.wav"; sourceTree = "<group>"; };
		D0B56AE320BFED4F00B33BEB /* blaster-firing.wav */ = {isa = PBXFileReference; lastKnownFileType = audio.wav; path = "blaster-firing.wav"; sourceTree = "<group>"; };
		D0B56AE420BFED4F00B33BEB /* chewy_roar.wav */ = {isa = PBXFileReference; lastKnownFileType = audio.wav; path = chewy_roar.wav; sourceTree = "<group>"; };
		D0B56AE520BFED4F00B33BEB /* forcestrong.wav */ = {isa = PBXFileReference; lastKnownFileType = audio.wav; path = forcestrong.wav; sourceTree = "<group>"; };
		D0B56AEB20BFF4CC00B33BEB /* AVFoundation.framework */ = {isa = PBXFileReference; lastKnownFileType = wrapper.framework; name = AVFoundation.framework; path = System/Library/Frameworks/AVFoundation.framework; sourceTree = SDKROOT; };
		D0B56AEE20BFF96300B33BEB /* AVFoundation.framework */ = {isa = PBXFileReference; lastKnownFileType = wrapper.framework; name = AVFoundation.framework; path = System/Library/Frameworks/AVFoundation.framework; sourceTree = SDKROOT; };
/* End PBXFileReference section */

/* Begin PBXFrameworksBuildPhase section */
		D0B56AA620BFE6DE00B33BEB /* Frameworks */ = {
			isa = PBXFrameworksBuildPhase;
			buildActionMask = 2147483647;
			files = (
				D0B56AED20BFF95C00B33BEB /* AVFoundation.framework in Frameworks */,
			);
			runOnlyForDeploymentPostprocessing = 0;
		};
/* End PBXFrameworksBuildPhase section */

/* Begin PBXGroup section */
		D022115D20C025920054BD35 /* Fonts */ = {
			isa = PBXGroup;
			children = (
				D022115E20C025BB0054BD35 /* Starjedi.ttf */,
			);
			path = Fonts;
			sourceTree = "<group>";
		};
		D0B56AA020BFE6DE00B33BEB = {
			isa = PBXGroup;
			children = (
				D0B56AEE20BFF96300B33BEB /* AVFoundation.framework */,
				D0B56AAB20BFE6DE00B33BEB /* soundboard */,
				D0B56AAA20BFE6DE00B33BEB /* Products */,
				D0B56AEA20BFF4CC00B33BEB /* Frameworks */,
			);
			sourceTree = "<group>";
		};
		D0B56AAA20BFE6DE00B33BEB /* Products */ = {
			isa = PBXGroup;
			children = (
				D0B56AA920BFE6DE00B33BEB /* soundboard.app */,
			);
			name = Products;
			sourceTree = "<group>";
		};
		D0B56AAB20BFE6DE00B33BEB /* soundboard */ = {
			isa = PBXGroup;
			children = (
				D022115D20C025920054BD35 /* Fonts */,
				D0B56AE120BFED2A00B33BEB /* Sounds */,
				D0B56AAC20BFE6DE00B33BEB /* AppDelegate.swift */,
				D0B56AAE20BFE6DE00B33BEB /* ViewController.swift */,
				D0B56AB020BFE6DE00B33BEB /* Main.storyboard */,
				D0B56AB320BFE6E000B33BEB /* Assets.xcassets */,
				D0B56AB520BFE6E000B33BEB /* LaunchScreen.storyboard */,
				D0B56AB820BFE6E000B33BEB /* Info.plist */,
			);
			path = soundboard;
			sourceTree = "<group>";
		};
		D0B56AE120BFED2A00B33BEB /* Sounds */ = {
			isa = PBXGroup;
			children = (
				D0B56AE320BFED4F00B33BEB /* blaster-firing.wav */,
				D0B56AE420BFED4F00B33BEB /* chewy_roar.wav */,
				D0B56AE520BFED4F00B33BEB /* forcestrong.wav */,
				D0B56AE220BFED4F00B33BEB /* light-saber-on.wav */,
			);
			path = Sounds;
			sourceTree = "<group>";
		};
		D0B56AEA20BFF4CC00B33BEB /* Frameworks */ = {
			isa = PBXGroup;
			children = (
				D0B56AEB20BFF4CC00B33BEB /* AVFoundation.framework */,
			);
			name = Frameworks;
			sourceTree = "<group>";
		};
/* End PBXGroup section */

/* Begin PBXNativeTarget section */
		D0B56AA820BFE6DE00B33BEB /* soundboard */ = {
			isa = PBXNativeTarget;
			buildConfigurationList = D0B56ABB20BFE6E000B33BEB /* Build configuration list for PBXNativeTarget "soundboard" */;
			buildPhases = (
				D0B56AA520BFE6DE00B33BEB /* Sources */,
				D0B56AA620BFE6DE00B33BEB /* Frameworks */,
				D0B56AA720BFE6DE00B33BEB /* Resources */,
			);
			buildRules = (
			);
			dependencies = (
			);
			name = soundboard;
			productName = soundboard;
			productReference = D0B56AA920BFE6DE00B33BEB /* soundboard.app */;
			productType = "com.apple.product-type.application";
		};
/* End PBXNativeTarget section */

/* Begin PBXProject section */
		D0B56AA120BFE6DE00B33BEB /* Project object */ = {
			isa = PBXProject;
			attributes = {
				LastSwiftUpdateCheck = 0940;
				LastUpgradeCheck = 0940;
				ORGANIZATIONNAME = "Deniz Cakmak";
				TargetAttributes = {
					D0B56AA820BFE6DE00B33BEB = {
						CreatedOnToolsVersion = 9.4;
					};
				};
			};
			buildConfigurationList = D0B56AA420BFE6DE00B33BEB /* Build configuration list for PBXProject "soundboard" */;
			compatibilityVersion = "Xcode 9.3";
			developmentRegion = en;
			hasScannedForEncodings = 0;
			knownRegions = (
				en,
				Base,
			);
			mainGroup = D0B56AA020BFE6DE00B33BEB;
			productRefGroup = D0B56AAA20BFE6DE00B33BEB /* Products */;
			projectDirPath = "";
			projectRoot = "";
			targets = (
				D0B56AA820BFE6DE00B33BEB /* soundboard */,
			);
		};
/* End PBXProject section */

/* Begin PBXResourcesBuildPhase section */
		D0B56AA720BFE6DE00B33BEB /* Resources */ = {
			isa = PBXResourcesBuildPhase;
			buildActionMask = 2147483647;
			files = (
				D0B56AE920BFED4F00B33BEB /* forcestrong.wav in Resources */,
				D0B56AB720BFE6E000B33BEB /* LaunchScreen.storyboard in Resources */,
				D0B56AE820BFED4F00B33BEB /* chewy_roar.wav in Resources */,
				D0B56AB420BFE6E000B33BEB /* Assets.xcassets in Resources */,
				D0B56AE620BFED4F00B33BEB /* light-saber-on.wav in Resources */,
				D0B56AB220BFE6DE00B33BEB /* Main.storyboard in Resources */,
				D022115F20C025BB0054BD35 /* Starjedi.ttf in Resources */,
				D0B56AE720BFED4F00B33BEB /* blaster-firing.wav in Resources */,
			);
			runOnlyForDeploymentPostprocessing = 0;
		};
/* End PBXResourcesBuildPhase section */

/* Begin PBXSourcesBuildPhase section */
		D0B56AA520BFE6DE00B33BEB /* Sources */ = {
			isa = PBXSourcesBuildPhase;
			buildActionMask = 2147483647;
			files = (
				D0B56AAF20BFE6DE00B33BEB /* ViewController.swift in Sources */,
				D0B56AAD20BFE6DE00B33BEB /* AppDelegate.swift in Sources */,
			);
			runOnlyForDeploymentPostprocessing = 0;
		};
/* End PBXSourcesBuildPhase section */

/* Begin PBXVariantGroup section */
		D0B56AB020BFE6DE00B33BEB /* Main.storyboard */ = {
			isa = PBXVariantGroup;
			children = (
				D0B56AB120BFE6DE00B33BEB /* Base */,
			);
			name = Main.storyboard;
			sourceTree = "<group>";
		};
		D0B56AB520BFE6E000B33BEB /* LaunchScreen.storyboard */ = {
			isa = PBXVariantGroup;
			children = (
				D0B56AB620BFE6E000B33BEB /* Base */,
			);
			name = LaunchScreen.storyboard;
			sourceTree = "<group>";
		};
/* End PBXVariantGroup section */

/* Begin XCBuildConfiguration section */
		D0B56AB920BFE6E000B33BEB /* Debug */ = {
			isa = XCBuildConfiguration;
			buildSettings = {
				ALWAYS_SEARCH_USER_PATHS = NO;
				CLANG_ANALYZER_NONNULL = YES;
				CLANG_ANALYZER_NUMBER_OBJECT_CONVERSION = YES_AGGRESSIVE;
				CLANG_CXX_LANGUAGE_STANDARD = "gnu++14";
				CLANG_CXX_LIBRARY = "libc++";
				CLANG_ENABLE_MODULES = YES;
				CLANG_ENABLE_OBJC_ARC = YES;
				CLANG_ENABLE_OBJC_WEAK = YES;
				CLANG_WARN_BLOCK_CAPTURE_AUTORELEASING = YES;
				CLANG_WARN_BOOL_CONVERSION = YES;
				CLANG_WARN_COMMA = YES;
				CLANG_WARN_CONSTANT_CONVERSION = YES;
				CLANG_WARN_DEPRECATED_OBJC_IMPLEMENTATIONS = YES;
				CLANG_WARN_DIRECT_OBJC_ISA_USAGE = YES_ERROR;
				CLANG_WARN_DOCUMENTATION_COMMENTS = YES;
				CLANG_WARN_EMPTY_BODY = YES;
				CLANG_WARN_ENUM_CONVERSION = YES;
				CLANG_WARN_INFINITE_RECURSION = YES;
				CLANG_WARN_INT_CONVERSION = YES;
				CLANG_WARN_NON_LITERAL_NULL_CONVERSION = YES;
				CLANG_WARN_OBJC_IMPLICIT_RETAIN_SELF = YES;
				CLANG_WARN_OBJC_LITERAL_CONVERSION = YES;
				CLANG_WARN_OBJC_ROOT_CLASS = YES_ERROR;
				CLANG_WARN_RANGE_LOOP_ANALYSIS = YES;
				CLANG_WARN_STRICT_PROTOTYPES = YES;
				CLANG_WARN_SUSPICIOUS_MOVE = YES;
				CLANG_WARN_UNGUARDED_AVAILABILITY = YES_AGGRESSIVE;
				CLANG_WARN_UNREACHABLE_CODE = YES;
				CLANG_WARN__DUPLICATE_METHOD_MATCH = YES;
				CODE_SIGN_IDENTITY = "iPhone Developer";
				COPY_PHASE_STRIP = NO;
				DEBUG_INFORMATION_FORMAT = dwarf;
				ENABLE_STRICT_OBJC_MSGSEND = YES;
				ENABLE_TESTABILITY = YES;
				GCC_C_LANGUAGE_STANDARD = gnu11;
				GCC_DYNAMIC_NO_PIC = NO;
				GCC_NO_COMMON_BLOCKS = YES;
				GCC_OPTIMIZATION_LEVEL = 0;
				GCC_PREPROCESSOR_DEFINITIONS = (
					"DEBUG=1",
					"$(inherited)",
				);
				GCC_WARN_64_TO_32_BIT_CONVERSION = YES;
				GCC_WARN_ABOUT_RETURN_TYPE = YES_ERROR;
				GCC_WARN_UNDECLARED_SELECTOR = YES;
				GCC_WARN_UNINITIALIZED_AUTOS = YES_AGGRESSIVE;
				GCC_WARN_UNUSED_FUNCTION = YES;
				GCC_WARN_UNUSED_VARIABLE = YES;
				IPHONEOS_DEPLOYMENT_TARGET = 11.4;
				MTL_ENABLE_DEBUG_INFO = YES;
				ONLY_ACTIVE_ARCH = YES;
				SDKROOT = iphoneos;
				SWIFT_ACTIVE_COMPILATION_CONDITIONS = DEBUG;
				SWIFT_OPTIMIZATION_LEVEL = "-Onone";
			};
			name = Debug;
		};
		D0B56ABA20BFE6E000B33BEB /* Release */ = {
			isa = XCBuildConfiguration;
			buildSettings = {
				ALWAYS_SEARCH_USER_PATHS = NO;
				CLANG_ANALYZER_NONNULL = YES;
				CLANG_ANALYZER_NUMBER_OBJECT_CONVERSION = YES_AGGRESSIVE;
				CLANG_CXX_LANGUAGE_STANDARD = "gnu++14";
				CLANG_CXX_LIBRARY = "libc++";
				CLANG_ENABLE_MODULES = YES;
				CLANG_ENABLE_OBJC_ARC = YES;
				CLANG_ENABLE_OBJC_WEAK = YES;
				CLANG_WARN_BLOCK_CAPTURE_AUTORELEASING = YES;
				CLANG_WARN_BOOL_CONVERSION = YES;
				CLANG_WARN_COMMA = YES;
				CLANG_WARN_CONSTANT_CONVERSION = YES;
				CLANG_WARN_DEPRECATED_OBJC_IMPLEMENTATIONS = YES;
				CLANG_WARN_DIRECT_OBJC_ISA_USAGE = YES_ERROR;
				CLANG_WARN_DOCUMENTATION_COMMENTS = YES;
				CLANG_WARN_EMPTY_BODY = YES;
				CLANG_WARN_ENUM_CONVERSION = YES;
				CLANG_WARN_INFINITE_RECURSION = YES;
				CLANG_WARN_INT_CONVERSION = YES;
				CLANG_WARN_NON_LITERAL_NULL_CONVERSION = YES;
				CLANG_WARN_OBJC_IMPLICIT_RETAIN_SELF = YES;
				CLANG_WARN_OBJC_LITERAL_CONVERSION = YES;
				CLANG_WARN_OBJC_ROOT_CLASS = YES_ERROR;
				CLANG_WARN_RANGE_LOOP_ANALYSIS = YES;
				CLANG_WARN_STRICT_PROTOTYPES = YES;
				CLANG_WARN_SUSPICIOUS_MOVE = YES;
				CLANG_WARN_UNGUARDED_AVAILABILITY = YES_AGGRESSIVE;
				CLANG_WARN_UNREACHABLE_CODE = YES;
				CLANG_WARN__DUPLICATE_METHOD_MATCH = YES;
				CODE_SIGN_IDENTITY = "iPhone Developer";
				COPY_PHASE_STRIP = NO;
				DEBUG_INFORMATION_FORMAT = "dwarf-with-dsym";
				ENABLE_NS_ASSERTIONS = NO;
				ENABLE_STRICT_OBJC_MSGSEND = YES;
				GCC_C_LANGUAGE_STANDARD = gnu11;
				GCC_NO_COMMON_BLOCKS = YES;
				GCC_WARN_64_TO_32_BIT_CONVERSION = YES;
				GCC_WARN_ABOUT_RETURN_TYPE = YES_ERROR;
				GCC_WARN_UNDECLARED_SELECTOR = YES;
				GCC_WARN_UNINITIALIZED_AUTOS = YES_AGGRESSIVE;
				GCC_WARN_UNUSED_FUNCTION = YES;
				GCC_WARN_UNUSED_VARIABLE = YES;
				IPHONEOS_DEPLOYMENT_TARGET = 11.4;
				MTL_ENABLE_DEBUG_INFO = NO;
				SDKROOT = iphoneos;
				SWIFT_COMPILATION_MODE = wholemodule;
				SWIFT_OPTIMIZATION_LEVEL = "-O";
				VALIDATE_PRODUCT = YES;
			};
			name = Release;
		};
		D0B56ABC20BFE6E000B33BEB /* Debug */ = {
			isa = XCBuildConfiguration;
			buildSettings = {
				ASSETCATALOG_COMPILER_APPICON_NAME = AppIcon;
				CODE_SIGN_STYLE = Automatic;
				DEVELOPMENT_TEAM = HD2RKYZB55;
				INFOPLIST_FILE = soundboard/Info.plist;
				LD_RUNPATH_SEARCH_PATHS = (
					"$(inherited)",
					"@executable_path/Frameworks",
				);
				PRODUCT_BUNDLE_IDENTIFIER = dns.soundboard;
				PRODUCT_NAME = "$(TARGET_NAME)";
				SWIFT_VERSION = 4.0;
				TARGETED_DEVICE_FAMILY = "1,2";
			};
			name = Debug;
		};
		D0B56ABD20BFE6E000B33BEB /* Release */ = {
			isa = XCBuildConfiguration;
			buildSettings = {
				ASSETCATALOG_COMPILER_APPICON_NAME = AppIcon;
				CODE_SIGN_STYLE = Automatic;
				DEVELOPMENT_TEAM = HD2RKYZB55;
				INFOPLIST_FILE = soundboard/Info.plist;
				LD_RUNPATH_SEARCH_PATHS = (
					"$(inherited)",
					"@executable_path/Frameworks",
				);
				PRODUCT_BUNDLE_IDENTIFIER = dns.soundboard;
				PRODUCT_NAME = "$(TARGET_NAME)";
				SWIFT_VERSION = 4.0;
				TARGETED_DEVICE_FAMILY = "1,2";
			};
			name = Release;
		};
/* End XCBuildConfiguration section */

/* Begin XCConfigurationList section */
		D0B56AA420BFE6DE00B33BEB /* Build configuration list for PBXProject "soundboard" */ = {
			isa = XCConfigurationList;
			buildConfigurations = (
				D0B56AB920BFE6E000B33BEB /* Debug */,
				D0B56ABA20BFE6E000B33BEB /* Release */,
			);
			defaultConfigurationIsVisible = 0;
			defaultConfigurationName = Release;
		};
		D0B56ABB20BFE6E000B33BEB /* Build configuration list for PBXNativeTarget "soundboard" */ = {
			isa = XCConfigurationList;
			buildConfigurations = (
				D0B56ABC20BFE6E000B33BEB /* Debug */,
				D0B56ABD20BFE6E000B33BEB /* Release */,
			);
			defaultConfigurationIsVisible = 0;
			defaultConfigurationName = Release;
		};
/* End XCConfigurationList section */
	};
	rootObject = D0B56AA120BFE6DE00B33BEB /* Project object */;
}
